
Microsoft Visual Studio Solution File, Format Version 12.00
# Visual Studio 14
VisualStudioVersion = 14.0.24720.0
MinimumVisualStudioVersion = 10.0.40219.1
Project("{F2A71F9B-5D33-465A-A702-920D77279786}") = "PricePreview", "PricePreview\PricePreview.fsproj", "{86A405F4-3334-40CF-9A92-B2D29D017A2A}"
EndProject
Project("{F2A71F9B-5D33-465A-A702-920D77279786}") = "PricePreview.Desktop", "PricePreview.Desktop\PricePreview.Desktop.fsproj", "{C285EC05-4C69-497C-879A-D4442312AFC8}"
EndProject
Project("{2150E333-8FDC-42A3-9474-1A3956D46DE8}") = ".paket", ".paket", "{5D47C324-79AA-4938-9FC2-0F2F34383A0E}"
	ProjectSection(SolutionItems) = preProject
		paket.dependencies = paket.dependencies
	EndProjectSection
EndProject
Global
	GlobalSection(SolutionConfigurationPlatforms) = preSolution
		Debug|Any CPU = Debug|Any CPU
		Release|Any CPU = Release|Any CPU
	EndGlobalSection
	GlobalSection(ProjectConfigurationPlatforms) = postSolution
		{86A405F4-3334-40CF-9A92-B2D29D017A2A}.Debug|Any CPU.ActiveCfg = Debug|Any CPU
		{86A405F4-3334-40CF-9A92-B2D29D017A2A}.Debug|Any CPU.Build.0 = Debug|Any CPU
		{86A405F4-3334-40CF-9A92-B2D29D017A2A}.Release|Any CPU.ActiveCfg = Release|Any CPU
		{86A405F4-3334-40CF-9A92-B2D29D017A2A}.Release|Any CPU.Build.0 = Release|Any CPU
		{C285EC05-4C69-497C-879A-D4442312AFC8}.Debug|Any CPU.ActiveCfg = Debug|Any CPU
		{C285EC05-4C69-497C-879A-D4442312AFC8}.Debug|Any CPU.Build.0 = Debug|Any CPU
		{C285EC05-4C69-497C-879A-D4442312AFC8}.Release|Any CPU.ActiveCfg = Release|Any CPU
		{C285EC05-4C69-497C-879A-D4442312AFC8}.Release|Any CPU.Build.0 = Release|Any CPU
	EndGlobalSection
	GlobalSection(SolutionProperties) = preSolution
		HideSolutionNode = FALSE
	EndGlobalSection
EndGlobal
